// !$*UTF8*$!
{
	archiveVersion = 1;
	classes = {
	};
	objectVersion = 44;
	objects = {

/* Begin PBXBuildFile section */
		006D720419952D00008149E2 /* AVFoundation.framework in Frameworks */ = {isa = PBXBuildFile; fileRef = 006D720219952D00008149E2 /* AVFoundation.framework */; };
		006D720519952D00008149E2 /* CoreMedia.framework in Frameworks */ = {isa = PBXBuildFile; fileRef = 006D720319952D00008149E2 /* CoreMedia.framework */; };
		0091D8F90E81B9330029341E /* OpenGL.framework in Frameworks */ = {isa = PBXBuildFile; fileRef = 0091D8F80E81B9330029341E /* OpenGL.framework */; };
		00B784B30FF439BC000DE1D7 /* Accelerate.framework in Frameworks */ = {isa = PBXBuildFile; fileRef = 00B784AF0FF439BC000DE1D7 /* Accelerate.framework */; };
		00B784B40FF439BC000DE1D7 /* AudioToolbox.framework in Frameworks */ = {isa = PBXBuildFile; fileRef = 00B784B00FF439BC000DE1D7 /* AudioToolbox.framework */; };
		00B784B50FF439BC000DE1D7 /* AudioUnit.framework in Frameworks */ = {isa = PBXBuildFile; fileRef = 00B784B10FF439BC000DE1D7 /* AudioUnit.framework */; };
		00B784B60FF439BC000DE1D7 /* CoreAudio.framework in Frameworks */ = {isa = PBXBuildFile; fileRef = 00B784B20FF439BC000DE1D7 /* CoreAudio.framework */; };
		5323E6B20EAFCA74003A9687 /* CoreVideo.framework in Frameworks */ = {isa = PBXBuildFile; fileRef = 5323E6B10EAFCA74003A9687 /* CoreVideo.framework */; };
		5323E6B60EAFCA7E003A9687 /* QTKit.framework in Frameworks */ = {isa = PBXBuildFile; fileRef = 5323E6B50EAFCA7E003A9687 /* QTKit.framework */; };
		8D11072F0486CEB800E47090 /* Cocoa.framework in Frameworks */ = {isa = PBXBuildFile; fileRef = 1058C7A1FEA54F0111CA2CBB /* Cocoa.framework */; };
		EDF8EB082EB04F70AB3EB758 /* UdpSocket.cpp in Sources */ = {isa = PBXBuildFile; fileRef = 4ECB5D3F2CA046F4AB52D771 /* UdpSocket.cpp */; };
		8D724022F8784C7D98D7C415 /* NetworkingUtils.cpp in Sources */ = {isa = PBXBuildFile; fileRef = 37A11813C88745E2AAE0F9C4 /* NetworkingUtils.cpp */; };
		1EBB1D2423EF46A084B404A4 /* OscTypes.h in Headers */ = {isa = PBXBuildFile; fileRef = 6CA5B9A610D142DFB5A88DF3 /* OscTypes.h */; };
		A64CB7B6022A44B9B528D2D8 /* OscReceivedElements.h in Headers */ = {isa = PBXBuildFile; fileRef = B8BE41AEE838485A976DAE1A /* OscReceivedElements.h */; };
		98CA117608894B0BBB679ADE /* OscPrintReceivedElements.h in Headers */ = {isa = PBXBuildFile; fileRef = E448C449F531402A9BA5E055 /* OscPrintReceivedElements.h */; };
		33400FE6875A46ABA4039514 /* OscPacketListener.h in Headers */ = {isa = PBXBuildFile; fileRef = CF250B278825491AAA0A6B49 /* OscPacketListener.h */; };
		AE54E8CCB464420F8452289B /* OscOutboundPacketStream.h in Headers */ = {isa = PBXBuildFile; fileRef = B21A7DB6CD5C4F119C45CD3A /* OscOutboundPacketStream.h */; };
		810FFFBA089347B8B5CE52C7 /* OscHostEndianness.h in Headers */ = {isa = PBXBuildFile; fileRef = 8B1DF5380278471D814F7772 /* OscHostEndianness.h */; };
		F786E07307814707AAAE7F22 /* OscException.h in Headers */ = {isa = PBXBuildFile; fileRef = 45D05FA33DC9481F960C4C5B /* OscException.h */; };
		3A6590F8D54A4154B5A08FD2 /* MessageMappingOscPacketListener.h in Headers */ = {isa = PBXBuildFile; fileRef = 76FEEDA29E904064B5DE90EE /* MessageMappingOscPacketListener.h */; };
		FE6DF37261434927BDBB4E44 /* UdpSocket.h in Headers */ = {isa = PBXBuildFile; fileRef = 22F513B53BCB425EB89A32E0 /* UdpSocket.h */; };
		22EC4A3D6466430B9F3736AC /* TimerListener.h in Headers */ = {isa = PBXBuildFile; fileRef = 8E97114D2213452F9989C079 /* TimerListener.h */; };
		B528B43D3C5D4C83A8E997DF /* PacketListener.h in Headers */ = {isa = PBXBuildFile; fileRef = F3B28E3E364444E3A106DDA4 /* PacketListener.h */; };
		16FF494783DB46899A4D41E8 /* NetworkingUtils.h in Headers */ = {isa = PBXBuildFile; fileRef = 4BF69DC53E454216A496D210 /* NetworkingUtils.h */; };
		164F56E9BAC04EDEB7415A8E /* IpEndpointName.h in Headers */ = {isa = PBXBuildFile; fileRef = 5E46D94E257741DF84B8CB46 /* IpEndpointName.h */; };
		B47DA6214643433EA3FBFA57 /* OscSender.h in Headers */ = {isa = PBXBuildFile; fileRef = 11E850271D76475696C153BF /* OscSender.h */; };
		3C66969082894F688EEB854F /* OscMessage.h in Headers */ = {isa = PBXBuildFile; fileRef = C5E263C75D97426D920C7D8C /* OscMessage.h */; };
		7426A411B76542269DBC8850 /* OscListener.h in Headers */ = {isa = PBXBuildFile; fileRef = 8150E5DBC2344226846CB451 /* OscListener.h */; };
		901D1E0043F043F1BA070D0D /* OscBundle.h in Headers */ = {isa = PBXBuildFile; fileRef = 7CCDDFC576134BEC8DCF9866 /* OscBundle.h */; };
		D17E4260A4484F3099C868C3 /* OscArg.h in Headers */ = {isa = PBXBuildFile; fileRef = 70DB551511BB4ED294ADC9DC /* OscArg.h */; };
		9704E63D2FDE4B8483F33C80 /* OscTypes.cpp in Sources */ = {isa = PBXBuildFile; fileRef = A9E0D71D6810438280B9996A /* OscTypes.cpp */; };
		9373E78B49814081BA03025F /* OscReceivedElements.cpp in Sources */ = {isa = PBXBuildFile; fileRef = C1C536F6BD6F497DAB0344BD /* OscReceivedElements.cpp */; };
		7CC209F828A441CF9CC2C52B /* OscPrintReceivedElements.cpp in Sources */ = {isa = PBXBuildFile; fileRef = 58B664649A634831BB6696F3 /* OscPrintReceivedElements.cpp */; };
		54BC40AF31884428853436D1 /* OscOutboundPacketStream.cpp in Sources */ = {isa = PBXBuildFile; fileRef = B12CF71FD2BA425691C9E17E /* OscOutboundPacketStream.cpp */; };
		061693248F234659AEA151D1 /* IpEndpointName.cpp in Sources */ = {isa = PBXBuildFile; fileRef = C3A4BAF1992C435CA2405976 /* IpEndpointName.cpp */; };
		3FADBD98367B499A9021D9EE /* OscSender.cpp in Sources */ = {isa = PBXBuildFile; fileRef = 2FAA210C7C5B43648963D3D7 /* OscSender.cpp */; };
		C995E355B383480C9381423B /* OscMessage.cpp in Sources */ = {isa = PBXBuildFile; fileRef = 57BA85AEC5A643C781C7699B /* OscMessage.cpp */; };
		2A1F22AD6792437286E1E879 /* OscListener.cpp in Sources */ = {isa = PBXBuildFile; fileRef = D7AC7A6DAF2C444286FD1200 /* OscListener.cpp */; };
		0C572FB09BCE4BC595497674 /* OscBundle.cpp in Sources */ = {isa = PBXBuildFile; fileRef = AB61F521594949B7B3E5AA82 /* OscBundle.cpp */; };
		6A59774C81324F89BFA949C8 /* CinderProject_Prefix.pch in Headers */ = {isa = PBXBuildFile; fileRef = A0B895083E544BBE993C4DFB /* CinderProject_Prefix.pch */; };
		6F85FD7C214D4278989FEB4C /* CinderApp.icns in Resources */ = {isa = PBXBuildFile; fileRef = 6AD6AE19A5EF4EF7970EE59C /* CinderApp.icns */; };
		049BF6276945480FAF1F9FA4 /* Resources.h in Headers */ = {isa = PBXBuildFile; fileRef = D49053DCDB274D08B84EFD5F /* Resources.h */; };
		22E96E7EF58742A98B0235CD /* CinderProjectApp.cpp in Sources */ = {isa = PBXBuildFile; fileRef = 36CBBC3A971243628C2BB350 /* CinderProjectApp.cpp */; };
/* End PBXBuildFile section */

/* Begin PBXFileReference section */
		006D720219952D00008149E2 /* AVFoundation.framework */ = {isa = PBXFileReference; lastKnownFileType = wrapper.framework; name = AVFoundation.framework; path = System/Library/Frameworks/AVFoundation.framework; sourceTree = SDKROOT; };
		006D720319952D00008149E2 /* CoreMedia.framework */ = {isa = PBXFileReference; lastKnownFileType = wrapper.framework; name = CoreMedia.framework; path = System/Library/Frameworks/CoreMedia.framework; sourceTree = SDKROOT; };
		0091D8F80E81B9330029341E /* OpenGL.framework */ = {isa = PBXFileReference; lastKnownFileType = wrapper.framework; name = OpenGL.framework; path = /System/Library/Frameworks/OpenGL.framework; sourceTree = "<absolute>"; };
		00B784AF0FF439BC000DE1D7 /* Accelerate.framework */ = {isa = PBXFileReference; lastKnownFileType = wrapper.framework; name = Accelerate.framework; path = System/Library/Frameworks/Accelerate.framework; sourceTree = SDKROOT; };
		00B784B00FF439BC000DE1D7 /* AudioToolbox.framework */ = {isa = PBXFileReference; lastKnownFileType = wrapper.framework; name = AudioToolbox.framework; path = System/Library/Frameworks/AudioToolbox.framework; sourceTree = SDKROOT; };
		00B784B10FF439BC000DE1D7 /* AudioUnit.framework */ = {isa = PBXFileReference; lastKnownFileType = wrapper.framework; name = AudioUnit.framework; path = System/Library/Frameworks/AudioUnit.framework; sourceTree = SDKROOT; };
		00B784B20FF439BC000DE1D7 /* CoreAudio.framework */ = {isa = PBXFileReference; lastKnownFileType = wrapper.framework; name = CoreAudio.framework; path = System/Library/Frameworks/CoreAudio.framework; sourceTree = SDKROOT; };
		1058C7A1FEA54F0111CA2CBB /* Cocoa.framework */ = {isa = PBXFileReference; lastKnownFileType = wrapper.framework; name = Cocoa.framework; path = /System/Library/Frameworks/Cocoa.framework; sourceTree = "<absolute>"; };
		29B97324FDCFA39411CA2CEA /* AppKit.framework */ = {isa = PBXFileReference; lastKnownFileType = wrapper.framework; name = AppKit.framework; path = /System/Library/Frameworks/AppKit.framework; sourceTree = "<absolute>"; };
		29B97325FDCFA39411CA2CEA /* Foundation.framework */ = {isa = PBXFileReference; lastKnownFileType = wrapper.framework; name = Foundation.framework; path = /System/Library/Frameworks/Foundation.framework; sourceTree = "<absolute>"; };
		5323E6B10EAFCA74003A9687 /* CoreVideo.framework */ = {isa = PBXFileReference; lastKnownFileType = wrapper.framework; name = CoreVideo.framework; path = /System/Library/Frameworks/CoreVideo.framework; sourceTree = "<absolute>"; };
		5323E6B50EAFCA7E003A9687 /* QTKit.framework */ = {isa = PBXFileReference; lastKnownFileType = wrapper.framework; name = QTKit.framework; path = /System/Library/Frameworks/QTKit.framework; sourceTree = "<absolute>"; };
		8D1107320486CEB800E47090 /* CinderProject.app */ = {isa = PBXFileReference; explicitFileType = wrapper.application; includeInIndex = 0; path = CinderProject.app; sourceTree = BUILT_PRODUCTS_DIR; };
		36CBBC3A971243628C2BB350 /* CinderProjectApp.cpp */ = {isa = PBXFileReference; lastKnownFileType = sourcecode.c.cpp; path = ../src/CinderProjectApp.cpp; sourceTree = "<group>"; name = CinderProjectApp.cpp; };
		D49053DCDB274D08B84EFD5F /* Resources.h */ = {isa = PBXFileReference; lastKnownFileType = sourcecode.c.h; path = ../include/Resources.h; sourceTree = "<group>"; name = Resources.h; };
		6AD6AE19A5EF4EF7970EE59C /* CinderApp.icns */ = {isa = PBXFileReference; lastKnownFileType = image.icns; path = ../resources/CinderApp.icns; sourceTree = "<group>"; name = CinderApp.icns; };
		7C7B5C2C19A2424681B3B074 /* Info.plist */ = {isa = PBXFileReference; lastKnownFileType = text.plist.xml; path = Info.plist; sourceTree = "<group>"; name = Info.plist; };
		A0B895083E544BBE993C4DFB /* CinderProject_Prefix.pch */ = {isa = PBXFileReference; lastKnownFileType = "\"\""; path = CinderProject_Prefix.pch; sourceTree = "<group>"; name = CinderProject_Prefix.pch; };
		AB61F521594949B7B3E5AA82 /* OscBundle.cpp */ = {isa = PBXFileReference; lastKnownFileType = sourcecode.c.cpp; path = ../../../blocks/OSC/src/OscBundle.cpp; sourceTree = "<group>"; name = OscBundle.cpp; };
		D7AC7A6DAF2C444286FD1200 /* OscListener.cpp */ = {isa = PBXFileReference; lastKnownFileType = sourcecode.c.cpp; path = ../../../blocks/OSC/src/OscListener.cpp; sourceTree = "<group>"; name = OscListener.cpp; };
		57BA85AEC5A643C781C7699B /* OscMessage.cpp */ = {isa = PBXFileReference; lastKnownFileType = sourcecode.c.cpp; path = ../../../blocks/OSC/src/OscMessage.cpp; sourceTree = "<group>"; name = OscMessage.cpp; };
		2FAA210C7C5B43648963D3D7 /* OscSender.cpp */ = {isa = PBXFileReference; lastKnownFileType = sourcecode.c.cpp; path = ../../../blocks/OSC/src/OscSender.cpp; sourceTree = "<group>"; name = OscSender.cpp; };
		C3A4BAF1992C435CA2405976 /* IpEndpointName.cpp */ = {isa = PBXFileReference; lastKnownFileType = sourcecode.c.cpp; path = ../../../blocks/OSC/src/ip/IpEndpointName.cpp; sourceTree = "<group>"; name = IpEndpointName.cpp; };
		B12CF71FD2BA425691C9E17E /* OscOutboundPacketStream.cpp */ = {isa = PBXFileReference; lastKnownFileType = sourcecode.c.cpp; path = ../../../blocks/OSC/src/osc/OscOutboundPacketStream.cpp; sourceTree = "<group>"; name = OscOutboundPacketStream.cpp; };
		58B664649A634831BB6696F3 /* OscPrintReceivedElements.cpp */ = {isa = PBXFileReference; lastKnownFileType = sourcecode.c.cpp; path = ../../../blocks/OSC/src/osc/OscPrintReceivedElements.cpp; sourceTree = "<group>"; name = OscPrintReceivedElements.cpp; };
		C1C536F6BD6F497DAB0344BD /* OscReceivedElements.cpp */ = {isa = PBXFileReference; lastKnownFileType = sourcecode.c.cpp; path = ../../../blocks/OSC/src/osc/OscReceivedElements.cpp; sourceTree = "<group>"; name = OscReceivedElements.cpp; };
		A9E0D71D6810438280B9996A /* OscTypes.cpp */ = {isa = PBXFileReference; lastKnownFileType = sourcecode.c.cpp; path = ../../../blocks/OSC/src/osc/OscTypes.cpp; sourceTree = "<group>"; name = OscTypes.cpp; };
		70DB551511BB4ED294ADC9DC /* OscArg.h */ = {isa = PBXFileReference; lastKnownFileType = sourcecode.c.h; path = ../../../blocks/OSC/src/OscArg.h; sourceTree = "<group>"; name = OscArg.h; };
		7CCDDFC576134BEC8DCF9866 /* OscBundle.h */ = {isa = PBXFileReference; lastKnownFileType = sourcecode.c.h; path = ../../../blocks/OSC/src/OscBundle.h; sourceTree = "<group>"; name = OscBundle.h; };
		8150E5DBC2344226846CB451 /* OscListener.h */ = {isa = PBXFileReference; lastKnownFileType = sourcecode.c.h; path = ../../../blocks/OSC/src/OscListener.h; sourceTree = "<group>"; name = OscListener.h; };
		C5E263C75D97426D920C7D8C /* OscMessage.h */ = {isa = PBXFileReference; lastKnownFileType = sourcecode.c.h; path = ../../../blocks/OSC/src/OscMessage.h; sourceTree = "<group>"; name = OscMessage.h; };
		11E850271D76475696C153BF /* OscSender.h */ = {isa = PBXFileReference; lastKnownFileType = sourcecode.c.h; path = ../../../blocks/OSC/src/OscSender.h; sourceTree = "<group>"; name = OscSender.h; };
		5E46D94E257741DF84B8CB46 /* IpEndpointName.h */ = {isa = PBXFileReference; lastKnownFileType = sourcecode.c.h; path = ../../../blocks/OSC/src/ip/IpEndpointName.h; sourceTree = "<group>"; name = IpEndpointName.h; };
		4BF69DC53E454216A496D210 /* NetworkingUtils.h */ = {isa = PBXFileReference; lastKnownFileType = sourcecode.c.h; path = ../../../blocks/OSC/src/ip/NetworkingUtils.h; sourceTree = "<group>"; name = NetworkingUtils.h; };
		F3B28E3E364444E3A106DDA4 /* PacketListener.h */ = {isa = PBXFileReference; lastKnownFileType = sourcecode.c.h; path = ../../../blocks/OSC/src/ip/PacketListener.h; sourceTree = "<group>"; name = PacketListener.h; };
		8E97114D2213452F9989C079 /* TimerListener.h */ = {isa = PBXFileReference; lastKnownFileType = sourcecode.c.h; path = ../../../blocks/OSC/src/ip/TimerListener.h; sourceTree = "<group>"; name = TimerListener.h; };
		22F513B53BCB425EB89A32E0 /* UdpSocket.h */ = {isa = PBXFileReference; lastKnownFileType = sourcecode.c.h; path = ../../../blocks/OSC/src/ip/UdpSocket.h; sourceTree = "<group>"; name = UdpSocket.h; };
		76FEEDA29E904064B5DE90EE /* MessageMappingOscPacketListener.h */ = {isa = PBXFileReference; lastKnownFileType = sourcecode.c.h; path = ../../../blocks/OSC/src/osc/MessageMappingOscPacketListener.h; sourceTree = "<group>"; name = MessageMappingOscPacketListener.h; };
		45D05FA33DC9481F960C4C5B /* OscException.h */ = {isa = PBXFileReference; lastKnownFileType = sourcecode.c.h; path = ../../../blocks/OSC/src/osc/OscException.h; sourceTree = "<group>"; name = OscException.h; };
		8B1DF5380278471D814F7772 /* OscHostEndianness.h */ = {isa = PBXFileReference; lastKnownFileType = sourcecode.c.h; path = ../../../blocks/OSC/src/osc/OscHostEndianness.h; sourceTree = "<group>"; name = OscHostEndianness.h; };
		B21A7DB6CD5C4F119C45CD3A /* OscOutboundPacketStream.h */ = {isa = PBXFileReference; lastKnownFileType = sourcecode.c.h; path = ../../../blocks/OSC/src/osc/OscOutboundPacketStream.h; sourceTree = "<group>"; name = OscOutboundPacketStream.h; };
		CF250B278825491AAA0A6B49 /* OscPacketListener.h */ = {isa = PBXFileReference; lastKnownFileType = sourcecode.c.h; path = ../../../blocks/OSC/src/osc/OscPacketListener.h; sourceTree = "<group>"; name = OscPacketListener.h; };
		E448C449F531402A9BA5E055 /* OscPrintReceivedElements.h */ = {isa = PBXFileReference; lastKnownFileType = sourcecode.c.h; path = ../../../blocks/OSC/src/osc/OscPrintReceivedElements.h; sourceTree = "<group>"; name = OscPrintReceivedElements.h; };
		B8BE41AEE838485A976DAE1A /* OscReceivedElements.h */ = {isa = PBXFileReference; lastKnownFileType = sourcecode.c.h; path = ../../../blocks/OSC/src/osc/OscReceivedElements.h; sourceTree = "<group>"; name = OscReceivedElements.h; };
		6CA5B9A610D142DFB5A88DF3 /* OscTypes.h */ = {isa = PBXFileReference; lastKnownFileType = sourcecode.c.h; path = ../../../blocks/OSC/src/osc/OscTypes.h; sourceTree = "<group>"; name = OscTypes.h; };
		37A11813C88745E2AAE0F9C4 /* NetworkingUtils.cpp */ = {isa = PBXFileReference; lastKnownFileType = sourcecode.c.cpp; path = ../../../blocks/OSC/src/ip/posix/NetworkingUtils.cpp; sourceTree = "<group>"; name = NetworkingUtils.cpp; };
		4ECB5D3F2CA046F4AB52D771 /* UdpSocket.cpp */ = {isa = PBXFileReference; lastKnownFileType = sourcecode.c.cpp; path = ../../../blocks/OSC/src/ip/posix/UdpSocket.cpp; sourceTree = "<group>"; name = UdpSocket.cpp; };
/* End PBXFileReference section */

/* Begin PBXFrameworksBuildPhase section */
		8D11072E0486CEB800E47090 /* Frameworks */ = {
			isa = PBXFrameworksBuildPhase;
			buildActionMask = 2147483647;
			files = (
				006D720419952D00008149E2 /* AVFoundation.framework in Frameworks */,
				006D720519952D00008149E2 /* CoreMedia.framework in Frameworks */,
				8D11072F0486CEB800E47090 /* Cocoa.framework in Frameworks */,
				0091D8F90E81B9330029341E /* OpenGL.framework in Frameworks */,
				5323E6B20EAFCA74003A9687 /* CoreVideo.framework in Frameworks */,
				5323E6B60EAFCA7E003A9687 /* QTKit.framework in Frameworks */,
				00B784B30FF439BC000DE1D7 /* Accelerate.framework in Frameworks */,
				00B784B40FF439BC000DE1D7 /* AudioToolbox.framework in Frameworks */,
				00B784B50FF439BC000DE1D7 /* AudioUnit.framework in Frameworks */,
				00B784B60FF439BC000DE1D7 /* CoreAudio.framework in Frameworks */,
			);
			runOnlyForDeploymentPostprocessing = 0;
		};
/* End PBXFrameworksBuildPhase section */

/* Begin PBXGroup section */
		080E96DDFE201D6D7F000001 /* Source */ = {
			isa = PBXGroup;
			children = (
				36CBBC3A971243628C2BB350 /* CinderProjectApp.cpp */,
			);
			name = Source;
			sourceTree = "<group>";
		};
		1058C7A0FEA54F0111CA2CBB /* Linked Frameworks */ = {
			isa = PBXGroup;
			children = (
				006D720219952D00008149E2 /* AVFoundation.framework */,
				006D720319952D00008149E2 /* CoreMedia.framework */,
				00B784AF0FF439BC000DE1D7 /* Accelerate.framework */,
				00B784B00FF439BC000DE1D7 /* AudioToolbox.framework */,
				00B784B10FF439BC000DE1D7 /* AudioUnit.framework */,
				00B784B20FF439BC000DE1D7 /* CoreAudio.framework */,
				5323E6B50EAFCA7E003A9687 /* QTKit.framework */,
				5323E6B10EAFCA74003A9687 /* CoreVideo.framework */,
				0091D8F80E81B9330029341E /* OpenGL.framework */,
				1058C7A1FEA54F0111CA2CBB /* Cocoa.framework */,
			);
			name = "Linked Frameworks";
			sourceTree = "<group>";
		};
		1058C7A2FEA54F0111CA2CBB /* Other Frameworks */ = {
			isa = PBXGroup;
			children = (
				29B97324FDCFA39411CA2CEA /* AppKit.framework */,
				29B97325FDCFA39411CA2CEA /* Foundation.framework */,
			);
			name = "Other Frameworks";
			sourceTree = "<group>";
		};
		19C28FACFE9D520D11CA2CBB /* Products */ = {
			isa = PBXGroup;
			children = (
				8D1107320486CEB800E47090 /* CinderProject.app */,
			);
			name = Products;
			sourceTree = "<group>";
		};
		29B97314FDCFA39411CA2CEA /* CinderProject */ = {
			isa = PBXGroup;
			children = (
				01B97315FEAEA392516A2CEA /* Blocks */,
				29B97315FDCFA39411CA2CEA /* Headers */,
				080E96DDFE201D6D7F000001 /* Source */,
				29B97317FDCFA39411CA2CEA /* Resources */,
				29B97323FDCFA39411CA2CEA /* Frameworks */,
				19C28FACFE9D520D11CA2CBB /* Products */,
			);
			name = CinderProject;
			sourceTree = "<group>";
		};
		B7D5AA3C259E49E889A8EF9E /* posix */ = {
			isa = PBXGroup;
			children = (
				37A11813C88745E2AAE0F9C4 /* NetworkingUtils.cpp */,
				4ECB5D3F2CA046F4AB52D771 /* UdpSocket.cpp */,
			);
			name = posix;
			sourceTree = "<group>";
		};
		797B1E8A871448FDA8DA4111 /* ip */ = {
			isa = PBXGroup;
			children = (
				C3A4BAF1992C435CA2405976 /* IpEndpointName.cpp */,
				5E46D94E257741DF84B8CB46 /* IpEndpointName.h */,
				4BF69DC53E454216A496D210 /* NetworkingUtils.h */,
				F3B28E3E364444E3A106DDA4 /* PacketListener.h */,
				8E97114D2213452F9989C079 /* TimerListener.h */,
				22F513B53BCB425EB89A32E0 /* UdpSocket.h */,
				B7D5AA3C259E49E889A8EF9E /* posix */,
			);
			name = ip;
			sourceTree = "<group>";
		};
		1ED5097020E8407FAA1270ED /* osc */ = {
			isa = PBXGroup;
			children = (
				B12CF71FD2BA425691C9E17E /* OscOutboundPacketStream.cpp */,
				58B664649A634831BB6696F3 /* OscPrintReceivedElements.cpp */,
				C1C536F6BD6F497DAB0344BD /* OscReceivedElements.cpp */,
				A9E0D71D6810438280B9996A /* OscTypes.cpp */,
				76FEEDA29E904064B5DE90EE /* MessageMappingOscPacketListener.h */,
				45D05FA33DC9481F960C4C5B /* OscException.h */,
				8B1DF5380278471D814F7772 /* OscHostEndianness.h */,
				B21A7DB6CD5C4F119C45CD3A /* OscOutboundPacketStream.h */,
				CF250B278825491AAA0A6B49 /* OscPacketListener.h */,
				E448C449F531402A9BA5E055 /* OscPrintReceivedElements.h */,
				B8BE41AEE838485A976DAE1A /* OscReceivedElements.h */,
				6CA5B9A610D142DFB5A88DF3 /* OscTypes.h */,
			);
			name = osc;
			sourceTree = "<group>";
		};
		401BB1577403473DB57C900E /* src */ = {
			isa = PBXGroup;
			children = (
				AB61F521594949B7B3E5AA82 /* OscBundle.cpp */,
				D7AC7A6DAF2C444286FD1200 /* OscListener.cpp */,
				57BA85AEC5A643C781C7699B /* OscMessage.cpp */,
				2FAA210C7C5B43648963D3D7 /* OscSender.cpp */,
				797B1E8A871448FDA8DA4111 /* ip */,
				1ED5097020E8407FAA1270ED /* osc */,
				70DB551511BB4ED294ADC9DC /* OscArg.h */,
				7CCDDFC576134BEC8DCF9866 /* OscBundle.h */,
				8150E5DBC2344226846CB451 /* OscListener.h */,
				C5E263C75D97426D920C7D8C /* OscMessage.h */,
				11E850271D76475696C153BF /* OscSender.h */,
			);
			name = src;
			sourceTree = "<group>";
		};
		FCB8145913204FC4B31C690C /* OSC */ = {
			isa = PBXGroup;
			children = (
				401BB1577403473DB57C900E /* src */,
			);
			name = OSC;
			sourceTree = "<group>";
		};
		01B97315FEAEA392516A2CEA /* Blocks */ = {
			isa = PBXGroup;
			children = (
				FCB8145913204FC4B31C690C /* OSC */,
			);
			name = Blocks;
			sourceTree = "<group>";
		};
		29B97315FDCFA39411CA2CEA /* Headers */ = {
			isa = PBXGroup;
			children = (
				D49053DCDB274D08B84EFD5F /* Resources.h */,
				A0B895083E544BBE993C4DFB /* CinderProject_Prefix.pch */,
			);
			name = Headers;
			sourceTree = "<group>";
		};
		29B97317FDCFA39411CA2CEA /* Resources */ = {
			isa = PBXGroup;
			children = (
				6AD6AE19A5EF4EF7970EE59C /* CinderApp.icns */,
				7C7B5C2C19A2424681B3B074 /* Info.plist */,
			);
			name = Resources;
			sourceTree = "<group>";
		};
		29B97323FDCFA39411CA2CEA /* Frameworks */ = {
			isa = PBXGroup;
			children = (
				1058C7A0FEA54F0111CA2CBB /* Linked Frameworks */,
				1058C7A2FEA54F0111CA2CBB /* Other Frameworks */,
			);
			name = Frameworks;
			sourceTree = "<group>";
		};
/* End PBXGroup section */

/* Begin PBXNativeTarget section */
		8D1107260486CEB800E47090 /* CinderProject */ = {
			isa = PBXNativeTarget;
			buildConfigurationList = C01FCF4A08A954540054247B /* Build configuration list for PBXNativeTarget "CinderProject" */;
			buildPhases = (
				8D1107290486CEB800E47090 /* Resources */,
				8D11072C0486CEB800E47090 /* Sources */,
				8D11072E0486CEB800E47090 /* Frameworks */,
			);
			buildRules = (
			);
			dependencies = (
			);
			name = CinderProject;
			productInstallPath = "$(HOME)/Applications";
			productName = CinderProject;
			productReference = 8D1107320486CEB800E47090 /* CinderProject.app */;
			productType = "com.apple.product-type.application";
		};
/* End PBXNativeTarget section */

/* Begin PBXProject section */
		29B97313FDCFA39411CA2CEA /* Project object */ = {
			isa = PBXProject;
			buildConfigurationList = C01FCF4E08A954540054247B /* Build configuration list for PBXProject "CinderProject" */;
			compatibilityVersion = "Xcode 3.2";
			developmentRegion = English;
			hasScannedForEncodings = 1;
			knownRegions = (
				English,
				Japanese,
				French,
				German,
			);
			mainGroup = 29B97314FDCFA39411CA2CEA /* CinderProject */;
			projectDirPath = "";
			projectRoot = "";
			targets = (
				8D1107260486CEB800E47090 /* CinderProject */,
			);
		};
/* End PBXProject section */

/* Begin PBXResourcesBuildPhase section */
		8D1107290486CEB800E47090 /* Resources */ = {
			isa = PBXResourcesBuildPhase;
			buildActionMask = 2147483647;
			files = (
				6F85FD7C214D4278989FEB4C /* CinderApp.icns in Resources */,
			);
			runOnlyForDeploymentPostprocessing = 0;
		};
/* End PBXResourcesBuildPhase section */

/* Begin PBXSourcesBuildPhase section */
		8D11072C0486CEB800E47090 /* Sources */ = {
			isa = PBXSourcesBuildPhase;
			buildActionMask = 2147483647;
			files = (
				22E96E7EF58742A98B0235CD /* CinderProjectApp.cpp in Sources */,
				0C572FB09BCE4BC595497674 /* OscBundle.cpp in Sources */,
				2A1F22AD6792437286E1E879 /* OscListener.cpp in Sources */,
				C995E355B383480C9381423B /* OscMessage.cpp in Sources */,
				3FADBD98367B499A9021D9EE /* OscSender.cpp in Sources */,
				061693248F234659AEA151D1 /* IpEndpointName.cpp in Sources */,
				54BC40AF31884428853436D1 /* OscOutboundPacketStream.cpp in Sources */,
				7CC209F828A441CF9CC2C52B /* OscPrintReceivedElements.cpp in Sources */,
				9373E78B49814081BA03025F /* OscReceivedElements.cpp in Sources */,
				9704E63D2FDE4B8483F33C80 /* OscTypes.cpp in Sources */,
				8D724022F8784C7D98D7C415 /* NetworkingUtils.cpp in Sources */,
				EDF8EB082EB04F70AB3EB758 /* UdpSocket.cpp in Sources */,
			);
			runOnlyForDeploymentPostprocessing = 0;
		};
/* End PBXSourcesBuildPhase section */

/* Begin XCBuildConfiguration section */
		C01FCF4B08A954540054247B /* Debug */ = {
			isa = XCBuildConfiguration;
			buildSettings = {
				COMBINE_HIDPI_IMAGES = YES;
				DEAD_CODE_STRIPPING = YES;
				COPY_PHASE_STRIP = NO;
				GCC_DYNAMIC_NO_PIC = NO;
				GCC_INLINES_ARE_PRIVATE_EXTERN = YES;
				GCC_OPTIMIZATION_LEVEL = 0;
				GCC_PREPROCESSOR_DEFINITIONS = (
					"DEBUG=1",
					"$(inherited)",
				);
				GCC_PRECOMPILE_PREFIX_HEADER = YES;
				GCC_PREFIX_HEADER = CinderProject_Prefix.pch;
				GCC_SYMBOLS_PRIVATE_EXTERN = NO;
				INFOPLIST_FILE = Info.plist;
				INSTALL_PATH = "$(HOME)/Applications";
				OTHER_LDFLAGS = "\"$(CINDER_PATH)/lib/libcinder_d.a\"";
				PRODUCT_NAME = CinderProject;
				WRAPPER_EXTENSION = app;
				SYMROOT = ./build;
			};
			name = Debug;
		};
		C01FCF4C08A954540054247B /* Release */ = {
			isa = XCBuildConfiguration;
			buildSettings = {
				COMBINE_HIDPI_IMAGES = YES;
				DEAD_CODE_STRIPPING = YES;
				DEBUG_INFORMATION_FORMAT = "dwarf-with-dsym";
				GCC_FAST_MATH = YES;
				GCC_GENERATE_DEBUGGING_SYMBOLS = NO;
				GCC_INLINES_ARE_PRIVATE_EXTERN = YES;
				GCC_OPTIMIZATION_LEVEL = 3;
				GCC_PREPROCESSOR_DEFINITIONS = (
					"NDEBUG=1",
					"$(inherited)",
				);
				GCC_PRECOMPILE_PREFIX_HEADER = YES;
				GCC_PREFIX_HEADER = CinderProject_Prefix.pch;
				GCC_SYMBOLS_PRIVATE_EXTERN = NO;
				INFOPLIST_FILE = Info.plist;
				INSTALL_PATH = "$(HOME)/Applications";
				OTHER_LDFLAGS = "\"$(CINDER_PATH)/lib/libcinder.a\"";
				PRODUCT_NAME = CinderProject;
				STRIP_INSTALLED_PRODUCT = YES;
				WRAPPER_EXTENSION = app;
				SYMROOT = ./build;
			};
			name = Release;
		};
		C01FCF4F08A954540054247B /* Debug */ = {
			isa = XCBuildConfiguration;
			buildSettings = {
				CLANG_CXX_LANGUAGE_STANDARD = "c++0x";
				CLANG_CXX_LIBRARY = "libc++";
				ALWAYS_SEARCH_USER_PATHS = NO;
				ARCHS = x86_64;
				CINDER_PATH = "../../..";
				GCC_WARN_ABOUT_RETURN_TYPE = YES;
				GCC_WARN_UNUSED_VARIABLE = YES;
				HEADER_SEARCH_PATHS = "\"$(CINDER_PATH)/boost\"";
				MACOSX_DEPLOYMENT_TARGET = 10.8;
				SDKROOT = macosx;
				USER_HEADER_SEARCH_PATHS = (
					"\"$(CINDER_PATH)/include\" ../include",
					../../../blocks/OSC/src,
				);
			};
			name = Debug;
		};
		C01FCF5008A954540054247B /* Release */ = {
			isa = XCBuildConfiguration;
			buildSettings = {
				CLANG_CXX_LANGUAGE_STANDARD = "c++0x";
				CLANG_CXX_LIBRARY = "libc++";
				ALWAYS_SEARCH_USER_PATHS = NO;
				ARCHS = x86_64;
				CINDER_PATH = "../../..";
				GCC_WARN_ABOUT_RETURN_TYPE = YES;
				GCC_WARN_UNUSED_VARIABLE = YES;
				HEADER_SEARCH_PATHS = "\"$(CINDER_PATH)/boost\"";
				MACOSX_DEPLOYMENT_TARGET = 10.8;
				SDKROOT = macosx;
				USER_HEADER_SEARCH_PATHS = (
					"\"$(CINDER_PATH)/include\" ../include",
					../../../blocks/OSC/src,
				);
			};
			name = Release;
		};
/* End XCBuildConfiguration section */

/* Begin XCConfigurationList section */
		C01FCF4A08A954540054247B /* Build configuration list for PBXNativeTarget "CinderProject" */ = {
			isa = XCConfigurationList;
			buildConfigurations = (
				C01FCF4B08A954540054247B /* Debug */,
				C01FCF4C08A954540054247B /* Release */,
			);
			defaultConfigurationIsVisible = 0;
			defaultConfigurationName = Release;
		};
		C01FCF4E08A954540054247B /* Build configuration list for PBXProject "CinderProject" */ = {
			isa = XCConfigurationList;
			buildConfigurations = (
				C01FCF4F08A954540054247B /* Debug */,
				C01FCF5008A954540054247B /* Release */,
			);
			defaultConfigurationIsVisible = 0;
			defaultConfigurationName = Release;
		};
/* End XCConfigurationList section */
	};
	rootObject = 29B97313FDCFA39411CA2CEA /* Project object */;
}
